
Microsoft Visual Studio Solution File, Format Version 12.00
# Visual Studio Version 17
VisualStudioVersion = 17.1.32414.318
MinimumVisualStudioVersion = 10.0.40219.1
Project("{9A19103F-16F7-4668-BE54-9A1E7A4F7556}") = "BenefitsCalculator", "BenefitsCalculator.csproj", "{25879F47-6CB2-41E7-A461-594FA7D4C959}"
EndProject
Project("{FAE04EC0-301F-11D3-BF4B-00C04F79EFBC}") = "BenefitsCalculatorTests", "..\BenefitsCalculatorTests\BenefitsCalculatorTests.csproj", "{C9FC5638-EBB6-42F8-AA94-B342AC3A5404}"
EndProject
Global
	GlobalSection(SolutionConfigurationPlatforms) = preSolution
		Debug|Any CPU = Debug|Any CPU
		Release|Any CPU = Release|Any CPU
	EndGlobalSection
	GlobalSection(ProjectConfigurationPlatforms) = postSolution
		{25879F47-6CB2-41E7-A461-594FA7D4C959}.Debug|Any CPU.ActiveCfg = Debug|Any CPU
		{25879F47-6CB2-41E7-A461-594FA7D4C959}.Debug|Any CPU.Build.0 = Debug|Any CPU
		{25879F47-6CB2-41E7-A461-594FA7D4C959}.Release|Any CPU.ActiveCfg = Release|Any CPU
		{25879F47-6CB2-41E7-A461-594FA7D4C959}.Release|Any CPU.Build.0 = Release|Any CPU
		{C9FC5638-EBB6-42F8-AA94-B342AC3A5404}.Debug|Any CPU.ActiveCfg = Debug|Any CPU
		{C9FC5638-EBB6-42F8-AA94-B342AC3A5404}.Debug|Any CPU.Build.0 = Debug|Any CPU
		{C9FC5638-EBB6-42F8-AA94-B342AC3A5404}.Release|Any CPU.ActiveCfg = Release|Any CPU
		{C9FC5638-EBB6-42F8-AA94-B342AC3A5404}.Release|Any CPU.Build.0 = Release|Any CPU
	EndGlobalSection
	GlobalSection(SolutionProperties) = preSolution
		HideSolutionNode = FALSE
	EndGlobalSection
	GlobalSection(ExtensibilityGlobals) = postSolution
		SolutionGuid = {DF78FA98-BC40-40D2-9671-DEF0708C269F}
	EndGlobalSection
EndGlobal
