{
  "name": "BenefitsCalculator",
  "lockfileVersion": 2,
  "requires": true,
  "packages": {
    "": {
      "dependencies": {
        "@reduxjs/toolkit": "*",
        "react-redux": "npm:null@*"
      }
    },
    "node_modules/@reduxjs/toolkit": {},
    "node_modules/react-redux": {}
  },
  "dependencies": {
    "@reduxjs/toolkit": {},
    "react-redux": {}
  }
}
